
Microsoft Visual Studio Solution File, Format Version 12.00
# Visual Studio 14
VisualStudioVersion = 14.0.25420.1
MinimumVisualStudioVersion = 10.0.40219.1
Project("{FAE04EC0-301F-11D3-BF4B-00C04F79EFBC}") = "Example", "Example\Example.csproj", "{C693EDC1-EB9B-418D-A349-1307F60AD89B}"
EndProject
Project("{FAE04EC0-301F-11D3-BF4B-00C04F79EFBC}") = "ElasticSearchExample", "ElasticSearchExample\ElasticSearchExample.csproj", "{DAA19D69-2442-4CD5-B9B1-2C8838BF73D7}"
EndProject
Project("{FAE04EC0-301F-11D3-BF4B-00C04F79EFBC}") = "Example2", "Example2\Example2.csproj", "{6E3BFD59-9133-4E29-8C10-55A48B02E1FD}"
EndProject
Global
	GlobalSection(SolutionConfigurationPlatforms) = preSolution
		Debug|Any CPU = Debug|Any CPU
		Release|Any CPU = Release|Any CPU
	EndGlobalSection
	GlobalSection(ProjectConfigurationPlatforms) = postSolution
		{C693EDC1-EB9B-418D-A349-1307F60AD89B}.Debug|Any CPU.ActiveCfg = Debug|Any CPU
		{C693EDC1-EB9B-418D-A349-1307F60AD89B}.Debug|Any CPU.Build.0 = Debug|Any CPU
		{C693EDC1-EB9B-418D-A349-1307F60AD89B}.Release|Any CPU.ActiveCfg = Release|Any CPU
		{C693EDC1-EB9B-418D-A349-1307F60AD89B}.Release|Any CPU.Build.0 = Release|Any CPU
		{DAA19D69-2442-4CD5-B9B1-2C8838BF73D7}.Debug|Any CPU.ActiveCfg = Debug|Any CPU
		{DAA19D69-2442-4CD5-B9B1-2C8838BF73D7}.Debug|Any CPU.Build.0 = Debug|Any CPU
		{DAA19D69-2442-4CD5-B9B1-2C8838BF73D7}.Release|Any CPU.ActiveCfg = Release|Any CPU
		{DAA19D69-2442-4CD5-B9B1-2C8838BF73D7}.Release|Any CPU.Build.0 = Release|Any CPU
		{6E3BFD59-9133-4E29-8C10-55A48B02E1FD}.Debug|Any CPU.ActiveCfg = Debug|Any CPU
		{6E3BFD59-9133-4E29-8C10-55A48B02E1FD}.Debug|Any CPU.Build.0 = Debug|Any CPU
		{6E3BFD59-9133-4E29-8C10-55A48B02E1FD}.Release|Any CPU.ActiveCfg = Release|Any CPU
		{6E3BFD59-9133-4E29-8C10-55A48B02E1FD}.Release|Any CPU.Build.0 = Release|Any CPU
	EndGlobalSection
	GlobalSection(SolutionProperties) = preSolution
		HideSolutionNode = FALSE
	EndGlobalSection
EndGlobal
